
Microsoft Visual Studio Solution File, Format Version 10.00
# Visual Studio 2008
Project("{8BC9CEB8-8B4A-11D0-8D11-00A0C91BC942}") = "sift", "sift\sift.vcproj", "{556E6EC8-58A3-4865-9167-A0F9E0DDFEA0}"
EndProject
Project("{8BC9CEB8-8B4A-11D0-8D11-00A0C91BC942}") = "testedge", "testedge\testedge.vcproj", "{3C9DB152-7DEA-46D4-9220-D3DAAA74C2E5}"
EndProject
Project("{8BC9CEB8-8B4A-11D0-8D11-00A0C91BC942}") = "pcasift", "pcasift\pcasift.vcproj", "{521B6B07-5D61-4BEF-BAB9-3F25EC00F473}"
EndProject
Project("{8BC9CEB8-8B4A-11D0-8D11-00A0C91BC942}") = "pickpics", "pickpics\pickpics.vcproj", "{432456E7-1F6F-48C2-BCC3-70716F85FAAF}"
EndProject
Project("{8BC9CEB8-8B4A-11D0-8D11-00A0C91BC942}") = "transform50", "transform50\transform50.vcproj", "{2B1EBC61-7A5C-4D84-AE8D-6195B0D996CD}"
EndProject
Project("{8BC9CEB8-8B4A-11D0-8D11-00A0C91BC942}") = "cutdata", "cutdata\cutdata.vcproj", "{A8520216-B000-47CA-AA28-8664E29DC6EB}"
EndProject
Project("{8BC9CEB8-8B4A-11D0-8D11-00A0C91BC942}") = "pictrans", "pictrans\pictrans.vcproj", "{F0FB9F47-FE48-4B54-B4D6-D67E48769DE3}"
EndProject
Project("{8BC9CEB8-8B4A-11D0-8D11-00A0C91BC942}") = "querytest", "querytest\querytest.vcproj", "{7D1141D4-FDC3-4B71-920C-D7F43DA2BEED}"
	ProjectSection(ProjectDependencies) = postProject
		{521B6B07-5D61-4BEF-BAB9-3F25EC00F473} = {521B6B07-5D61-4BEF-BAB9-3F25EC00F473}
		{556E6EC8-58A3-4865-9167-A0F9E0DDFEA0} = {556E6EC8-58A3-4865-9167-A0F9E0DDFEA0}
	EndProjectSection
EndProject
Project("{8BC9CEB8-8B4A-11D0-8D11-00A0C91BC942}") = "datamod", "datamod\datamod.vcproj", "{3C97EA13-6EB6-4F47-8F6C-61B0F5862477}"
EndProject
Project("{8BC9CEB8-8B4A-11D0-8D11-00A0C91BC942}") = "mplsh-run-short", "mplsh-run-short\mplsh-run-short.vcproj", "{8B0E93F3-61FA-42F7-95BF-81AC51C5DD76}"
EndProject
Project("{8BC9CEB8-8B4A-11D0-8D11-00A0C91BC942}") = "querylab", "querylab\querylab.vcproj", "{443E94F5-5C88-4EEF-A4D6-A4F8F561D1D9}"
	ProjectSection(ProjectDependencies) = postProject
		{521B6B07-5D61-4BEF-BAB9-3F25EC00F473} = {521B6B07-5D61-4BEF-BAB9-3F25EC00F473}
		{556E6EC8-58A3-4865-9167-A0F9E0DDFEA0} = {556E6EC8-58A3-4865-9167-A0F9E0DDFEA0}
	EndProjectSection
EndProject
Project("{8BC9CEB8-8B4A-11D0-8D11-00A0C91BC942}") = "randpickdata", "randpickdata\randpickdata.vcproj", "{64519A77-EE9A-4899-BAE6-E08D62C3BCCD}"
EndProject
Project("{8BC9CEB8-8B4A-11D0-8D11-00A0C91BC942}") = "querylab-pr", "querylab-pr\querylab-pr.vcproj", "{9740424F-FC8D-4CD8-8684-F15C0A99E5F5}"
EndProject
Project("{8BC9CEB8-8B4A-11D0-8D11-00A0C91BC942}") = "DoStatistic", "DoStatistic\DoStatistic.vcproj", "{459314D4-1A4D-4402-A793-9BE2E57B5AB4}"
EndProject
Project("{8BC9CEB8-8B4A-11D0-8D11-00A0C91BC942}") = "gmeans", "gmeans\gmeans.vcproj", "{5BEDC2E1-5898-4F1E-94F6-A641BA68FFE3}"
EndProject
Project("{8BC9CEB8-8B4A-11D0-8D11-00A0C91BC942}") = "dataformat", "DataFormat\DataFormat.vcproj", "{4BDAB6BE-B7D6-4A2D-9C04-3C16F549161A}"
EndProject
Project("{8BC9CEB8-8B4A-11D0-8D11-00A0C91BC942}") = "siftquantize", "siftquantize\siftquantize.vcproj", "{3B36BF3F-6E60-4103-9BA7-6B2FEDAD78A1}"
EndProject
Project("{8BC9CEB8-8B4A-11D0-8D11-00A0C91BC942}") = "testOpencvX64", "testOpencvX64\testOpencvX64.vcproj", "{E88BF9E0-2CDB-4D34-B187-9D34047037DF}"
EndProject
Project("{8BC9CEB8-8B4A-11D0-8D11-00A0C91BC942}") = "siftwords", "siftwords\siftwords.vcproj", "{1D37563A-F600-4937-BB76-6450C31A1D1E}"
EndProject
Global
	GlobalSection(SolutionConfigurationPlatforms) = preSolution
		Debug|Itanium = Debug|Itanium
		Debug|Win32 = Debug|Win32
		Debug|x64 = Debug|x64
		Release|Itanium = Release|Itanium
		Release|Win32 = Release|Win32
		Release|x64 = Release|x64
	EndGlobalSection
	GlobalSection(ProjectConfigurationPlatforms) = postSolution
		{556E6EC8-58A3-4865-9167-A0F9E0DDFEA0}.Debug|Itanium.ActiveCfg = Debug|Win32
		{556E6EC8-58A3-4865-9167-A0F9E0DDFEA0}.Debug|Win32.ActiveCfg = Debug|Win32
		{556E6EC8-58A3-4865-9167-A0F9E0DDFEA0}.Debug|Win32.Build.0 = Debug|Win32
		{556E6EC8-58A3-4865-9167-A0F9E0DDFEA0}.Debug|x64.ActiveCfg = Debug|Win32
		{556E6EC8-58A3-4865-9167-A0F9E0DDFEA0}.Release|Itanium.ActiveCfg = Release|Win32
		{556E6EC8-58A3-4865-9167-A0F9E0DDFEA0}.Release|Win32.ActiveCfg = Release|Win32
		{556E6EC8-58A3-4865-9167-A0F9E0DDFEA0}.Release|Win32.Build.0 = Release|Win32
		{556E6EC8-58A3-4865-9167-A0F9E0DDFEA0}.Release|x64.ActiveCfg = Release|Win32
		{3C9DB152-7DEA-46D4-9220-D3DAAA74C2E5}.Debug|Itanium.ActiveCfg = Debug|Win32
		{3C9DB152-7DEA-46D4-9220-D3DAAA74C2E5}.Debug|Win32.ActiveCfg = Debug|Win32
		{3C9DB152-7DEA-46D4-9220-D3DAAA74C2E5}.Debug|Win32.Build.0 = Debug|Win32
		{3C9DB152-7DEA-46D4-9220-D3DAAA74C2E5}.Debug|x64.ActiveCfg = Debug|Win32
		{3C9DB152-7DEA-46D4-9220-D3DAAA74C2E5}.Release|Itanium.ActiveCfg = Release|Win32
		{3C9DB152-7DEA-46D4-9220-D3DAAA74C2E5}.Release|Win32.ActiveCfg = Release|Win32
		{3C9DB152-7DEA-46D4-9220-D3DAAA74C2E5}.Release|Win32.Build.0 = Release|Win32
		{3C9DB152-7DEA-46D4-9220-D3DAAA74C2E5}.Release|x64.ActiveCfg = Release|Win32
		{521B6B07-5D61-4BEF-BAB9-3F25EC00F473}.Debug|Itanium.ActiveCfg = Debug|Win32
		{521B6B07-5D61-4BEF-BAB9-3F25EC00F473}.Debug|Win32.ActiveCfg = Debug|Win32
		{521B6B07-5D61-4BEF-BAB9-3F25EC00F473}.Debug|Win32.Build.0 = Debug|Win32
		{521B6B07-5D61-4BEF-BAB9-3F25EC00F473}.Debug|x64.ActiveCfg = Debug|Win32
		{521B6B07-5D61-4BEF-BAB9-3F25EC00F473}.Release|Itanium.ActiveCfg = Release|Win32
		{521B6B07-5D61-4BEF-BAB9-3F25EC00F473}.Release|Win32.ActiveCfg = Release|Win32
		{521B6B07-5D61-4BEF-BAB9-3F25EC00F473}.Release|Win32.Build.0 = Release|Win32
		{521B6B07-5D61-4BEF-BAB9-3F25EC00F473}.Release|x64.ActiveCfg = Release|Win32
		{432456E7-1F6F-48C2-BCC3-70716F85FAAF}.Debug|Itanium.ActiveCfg = Debug|Win32
		{432456E7-1F6F-48C2-BCC3-70716F85FAAF}.Debug|Win32.ActiveCfg = Debug|Win32
		{432456E7-1F6F-48C2-BCC3-70716F85FAAF}.Debug|Win32.Build.0 = Debug|Win32
		{432456E7-1F6F-48C2-BCC3-70716F85FAAF}.Debug|x64.ActiveCfg = Debug|Win32
		{432456E7-1F6F-48C2-BCC3-70716F85FAAF}.Release|Itanium.ActiveCfg = Release|Win32
		{432456E7-1F6F-48C2-BCC3-70716F85FAAF}.Release|Win32.ActiveCfg = Release|Win32
		{432456E7-1F6F-48C2-BCC3-70716F85FAAF}.Release|Win32.Build.0 = Release|Win32
		{432456E7-1F6F-48C2-BCC3-70716F85FAAF}.Release|x64.ActiveCfg = Release|Win32
		{2B1EBC61-7A5C-4D84-AE8D-6195B0D996CD}.Debug|Itanium.ActiveCfg = Debug|Win32
		{2B1EBC61-7A5C-4D84-AE8D-6195B0D996CD}.Debug|Win32.ActiveCfg = Debug|Win32
		{2B1EBC61-7A5C-4D84-AE8D-6195B0D996CD}.Debug|Win32.Build.0 = Debug|Win32
		{2B1EBC61-7A5C-4D84-AE8D-6195B0D996CD}.Debug|x64.ActiveCfg = Debug|Win32
		{2B1EBC61-7A5C-4D84-AE8D-6195B0D996CD}.Release|Itanium.ActiveCfg = Release|Win32
		{2B1EBC61-7A5C-4D84-AE8D-6195B0D996CD}.Release|Win32.ActiveCfg = Release|Win32
		{2B1EBC61-7A5C-4D84-AE8D-6195B0D996CD}.Release|Win32.Build.0 = Release|Win32
		{2B1EBC61-7A5C-4D84-AE8D-6195B0D996CD}.Release|x64.ActiveCfg = Release|Win32
		{A8520216-B000-47CA-AA28-8664E29DC6EB}.Debug|Itanium.ActiveCfg = Debug|Win32
		{A8520216-B000-47CA-AA28-8664E29DC6EB}.Debug|Win32.ActiveCfg = Debug|Win32
		{A8520216-B000-47CA-AA28-8664E29DC6EB}.Debug|Win32.Build.0 = Debug|Win32
		{A8520216-B000-47CA-AA28-8664E29DC6EB}.Debug|x64.ActiveCfg = Debug|Win32
		{A8520216-B000-47CA-AA28-8664E29DC6EB}.Release|Itanium.ActiveCfg = Release|Win32
		{A8520216-B000-47CA-AA28-8664E29DC6EB}.Release|Win32.ActiveCfg = Release|Win32
		{A8520216-B000-47CA-AA28-8664E29DC6EB}.Release|Win32.Build.0 = Release|Win32
		{A8520216-B000-47CA-AA28-8664E29DC6EB}.Release|x64.ActiveCfg = Release|Win32
		{F0FB9F47-FE48-4B54-B4D6-D67E48769DE3}.Debug|Itanium.ActiveCfg = Debug|Win32
		{F0FB9F47-FE48-4B54-B4D6-D67E48769DE3}.Debug|Win32.ActiveCfg = Debug|Win32
		{F0FB9F47-FE48-4B54-B4D6-D67E48769DE3}.Debug|Win32.Build.0 = Debug|Win32
		{F0FB9F47-FE48-4B54-B4D6-D67E48769DE3}.Debug|x64.ActiveCfg = Debug|Win32
		{F0FB9F47-FE48-4B54-B4D6-D67E48769DE3}.Release|Itanium.ActiveCfg = Release|Win32
		{F0FB9F47-FE48-4B54-B4D6-D67E48769DE3}.Release|Win32.ActiveCfg = Release|Win32
		{F0FB9F47-FE48-4B54-B4D6-D67E48769DE3}.Release|Win32.Build.0 = Release|Win32
		{F0FB9F47-FE48-4B54-B4D6-D67E48769DE3}.Release|x64.ActiveCfg = Release|Win32
		{7D1141D4-FDC3-4B71-920C-D7F43DA2BEED}.Debug|Itanium.ActiveCfg = Debug|Win32
		{7D1141D4-FDC3-4B71-920C-D7F43DA2BEED}.Debug|Win32.ActiveCfg = Debug|Win32
		{7D1141D4-FDC3-4B71-920C-D7F43DA2BEED}.Debug|Win32.Build.0 = Debug|Win32
		{7D1141D4-FDC3-4B71-920C-D7F43DA2BEED}.Debug|x64.ActiveCfg = Debug|Win32
		{7D1141D4-FDC3-4B71-920C-D7F43DA2BEED}.Release|Itanium.ActiveCfg = Release|Win32
		{7D1141D4-FDC3-4B71-920C-D7F43DA2BEED}.Release|Win32.ActiveCfg = Release|Win32
		{7D1141D4-FDC3-4B71-920C-D7F43DA2BEED}.Release|Win32.Build.0 = Release|Win32
		{7D1141D4-FDC3-4B71-920C-D7F43DA2BEED}.Release|x64.ActiveCfg = Release|Win32
		{3C97EA13-6EB6-4F47-8F6C-61B0F5862477}.Debug|Itanium.ActiveCfg = Debug|Win32
		{3C97EA13-6EB6-4F47-8F6C-61B0F5862477}.Debug|Win32.ActiveCfg = Debug|Win32
		{3C97EA13-6EB6-4F47-8F6C-61B0F5862477}.Debug|Win32.Build.0 = Debug|Win32
		{3C97EA13-6EB6-4F47-8F6C-61B0F5862477}.Debug|x64.ActiveCfg = Debug|Win32
		{3C97EA13-6EB6-4F47-8F6C-61B0F5862477}.Release|Itanium.ActiveCfg = Release|Win32
		{3C97EA13-6EB6-4F47-8F6C-61B0F5862477}.Release|Win32.ActiveCfg = Release|Win32
		{3C97EA13-6EB6-4F47-8F6C-61B0F5862477}.Release|Win32.Build.0 = Release|Win32
		{3C97EA13-6EB6-4F47-8F6C-61B0F5862477}.Release|x64.ActiveCfg = Release|Win32
		{8B0E93F3-61FA-42F7-95BF-81AC51C5DD76}.Debug|Itanium.ActiveCfg = Debug|Win32
		{8B0E93F3-61FA-42F7-95BF-81AC51C5DD76}.Debug|Win32.ActiveCfg = Debug|Win32
		{8B0E93F3-61FA-42F7-95BF-81AC51C5DD76}.Debug|Win32.Build.0 = Debug|Win32
		{8B0E93F3-61FA-42F7-95BF-81AC51C5DD76}.Debug|x64.ActiveCfg = Debug|Win32
		{8B0E93F3-61FA-42F7-95BF-81AC51C5DD76}.Release|Itanium.ActiveCfg = Release|Win32
		{8B0E93F3-61FA-42F7-95BF-81AC51C5DD76}.Release|Win32.ActiveCfg = Release|Win32
		{8B0E93F3-61FA-42F7-95BF-81AC51C5DD76}.Release|Win32.Build.0 = Release|Win32
		{8B0E93F3-61FA-42F7-95BF-81AC51C5DD76}.Release|x64.ActiveCfg = Release|Win32
		{443E94F5-5C88-4EEF-A4D6-A4F8F561D1D9}.Debug|Itanium.ActiveCfg = Debug|Win32
		{443E94F5-5C88-4EEF-A4D6-A4F8F561D1D9}.Debug|Win32.ActiveCfg = Debug|Win32
		{443E94F5-5C88-4EEF-A4D6-A4F8F561D1D9}.Debug|Win32.Build.0 = Debug|Win32
		{443E94F5-5C88-4EEF-A4D6-A4F8F561D1D9}.Debug|x64.ActiveCfg = Debug|Win32
		{443E94F5-5C88-4EEF-A4D6-A4F8F561D1D9}.Release|Itanium.ActiveCfg = Release|Win32
		{443E94F5-5C88-4EEF-A4D6-A4F8F561D1D9}.Release|Win32.ActiveCfg = Release|Win32
		{443E94F5-5C88-4EEF-A4D6-A4F8F561D1D9}.Release|Win32.Build.0 = Release|Win32
		{443E94F5-5C88-4EEF-A4D6-A4F8F561D1D9}.Release|x64.ActiveCfg = Release|Win32
		{64519A77-EE9A-4899-BAE6-E08D62C3BCCD}.Debug|Itanium.ActiveCfg = Debug|Win32
		{64519A77-EE9A-4899-BAE6-E08D62C3BCCD}.Debug|Win32.ActiveCfg = Debug|Win32
		{64519A77-EE9A-4899-BAE6-E08D62C3BCCD}.Debug|Win32.Build.0 = Debug|Win32
		{64519A77-EE9A-4899-BAE6-E08D62C3BCCD}.Debug|x64.ActiveCfg = Debug|Win32
		{64519A77-EE9A-4899-BAE6-E08D62C3BCCD}.Release|Itanium.ActiveCfg = Release|Win32
		{64519A77-EE9A-4899-BAE6-E08D62C3BCCD}.Release|Win32.ActiveCfg = Release|Win32
		{64519A77-EE9A-4899-BAE6-E08D62C3BCCD}.Release|Win32.Build.0 = Release|Win32
		{64519A77-EE9A-4899-BAE6-E08D62C3BCCD}.Release|x64.ActiveCfg = Release|Win32
		{9740424F-FC8D-4CD8-8684-F15C0A99E5F5}.Debug|Itanium.ActiveCfg = Debug|Win32
		{9740424F-FC8D-4CD8-8684-F15C0A99E5F5}.Debug|Win32.ActiveCfg = Debug|Win32
		{9740424F-FC8D-4CD8-8684-F15C0A99E5F5}.Debug|Win32.Build.0 = Debug|Win32
		{9740424F-FC8D-4CD8-8684-F15C0A99E5F5}.Debug|x64.ActiveCfg = Debug|Win32
		{9740424F-FC8D-4CD8-8684-F15C0A99E5F5}.Release|Itanium.ActiveCfg = Release|Win32
		{9740424F-FC8D-4CD8-8684-F15C0A99E5F5}.Release|Win32.ActiveCfg = Release|Win32
		{9740424F-FC8D-4CD8-8684-F15C0A99E5F5}.Release|Win32.Build.0 = Release|Win32
		{9740424F-FC8D-4CD8-8684-F15C0A99E5F5}.Release|x64.ActiveCfg = Release|Win32
		{459314D4-1A4D-4402-A793-9BE2E57B5AB4}.Debug|Itanium.ActiveCfg = Debug|Win32
		{459314D4-1A4D-4402-A793-9BE2E57B5AB4}.Debug|Win32.ActiveCfg = Debug|Win32
		{459314D4-1A4D-4402-A793-9BE2E57B5AB4}.Debug|Win32.Build.0 = Debug|Win32
		{459314D4-1A4D-4402-A793-9BE2E57B5AB4}.Debug|x64.ActiveCfg = Debug|Win32
		{459314D4-1A4D-4402-A793-9BE2E57B5AB4}.Release|Itanium.ActiveCfg = Release|Win32
		{459314D4-1A4D-4402-A793-9BE2E57B5AB4}.Release|Win32.ActiveCfg = Release|Win32
		{459314D4-1A4D-4402-A793-9BE2E57B5AB4}.Release|Win32.Build.0 = Release|Win32
		{459314D4-1A4D-4402-A793-9BE2E57B5AB4}.Release|x64.ActiveCfg = Release|Win32
		{5BEDC2E1-5898-4F1E-94F6-A641BA68FFE3}.Debug|Itanium.ActiveCfg = Debug|Win32
		{5BEDC2E1-5898-4F1E-94F6-A641BA68FFE3}.Debug|Win32.ActiveCfg = Debug|Win32
		{5BEDC2E1-5898-4F1E-94F6-A641BA68FFE3}.Debug|Win32.Build.0 = Debug|Win32
		{5BEDC2E1-5898-4F1E-94F6-A641BA68FFE3}.Debug|x64.ActiveCfg = Debug|Win32
		{5BEDC2E1-5898-4F1E-94F6-A641BA68FFE3}.Release|Itanium.ActiveCfg = Release|Win32
		{5BEDC2E1-5898-4F1E-94F6-A641BA68FFE3}.Release|Win32.ActiveCfg = Release|Win32
		{5BEDC2E1-5898-4F1E-94F6-A641BA68FFE3}.Release|Win32.Build.0 = Release|Win32
		{5BEDC2E1-5898-4F1E-94F6-A641BA68FFE3}.Release|x64.ActiveCfg = Release|Win32
		{4BDAB6BE-B7D6-4A2D-9C04-3C16F549161A}.Debug|Itanium.ActiveCfg = Debug|Win32
		{4BDAB6BE-B7D6-4A2D-9C04-3C16F549161A}.Debug|Win32.ActiveCfg = Debug|Win32
		{4BDAB6BE-B7D6-4A2D-9C04-3C16F549161A}.Debug|Win32.Build.0 = Debug|Win32
		{4BDAB6BE-B7D6-4A2D-9C04-3C16F549161A}.Debug|x64.ActiveCfg = Debug|Win32
		{4BDAB6BE-B7D6-4A2D-9C04-3C16F549161A}.Release|Itanium.ActiveCfg = Release|Win32
		{4BDAB6BE-B7D6-4A2D-9C04-3C16F549161A}.Release|Win32.ActiveCfg = Release|Win32
		{4BDAB6BE-B7D6-4A2D-9C04-3C16F549161A}.Release|Win32.Build.0 = Release|Win32
		{4BDAB6BE-B7D6-4A2D-9C04-3C16F549161A}.Release|x64.ActiveCfg = Release|Win32
		{3B36BF3F-6E60-4103-9BA7-6B2FEDAD78A1}.Debug|Itanium.ActiveCfg = Debug|Win32
		{3B36BF3F-6E60-4103-9BA7-6B2FEDAD78A1}.Debug|Win32.ActiveCfg = Debug|Win32
		{3B36BF3F-6E60-4103-9BA7-6B2FEDAD78A1}.Debug|Win32.Build.0 = Debug|Win32
		{3B36BF3F-6E60-4103-9BA7-6B2FEDAD78A1}.Debug|x64.ActiveCfg = Debug|Win32
		{3B36BF3F-6E60-4103-9BA7-6B2FEDAD78A1}.Release|Itanium.ActiveCfg = Release|x64
		{3B36BF3F-6E60-4103-9BA7-6B2FEDAD78A1}.Release|Win32.ActiveCfg = Release|Win32
		{3B36BF3F-6E60-4103-9BA7-6B2FEDAD78A1}.Release|Win32.Build.0 = Release|Win32
		{3B36BF3F-6E60-4103-9BA7-6B2FEDAD78A1}.Release|x64.ActiveCfg = Release|Win32
		{E88BF9E0-2CDB-4D34-B187-9D34047037DF}.Debug|Itanium.ActiveCfg = Debug|x64
		{E88BF9E0-2CDB-4D34-B187-9D34047037DF}.Debug|Win32.ActiveCfg = Debug|Win32
		{E88BF9E0-2CDB-4D34-B187-9D34047037DF}.Debug|Win32.Build.0 = Debug|Win32
		{E88BF9E0-2CDB-4D34-B187-9D34047037DF}.Debug|x64.ActiveCfg = Debug|Win32
		{E88BF9E0-2CDB-4D34-B187-9D34047037DF}.Release|Itanium.ActiveCfg = Release|x64
		{E88BF9E0-2CDB-4D34-B187-9D34047037DF}.Release|Itanium.Build.0 = Release|x64
		{E88BF9E0-2CDB-4D34-B187-9D34047037DF}.Release|Win32.ActiveCfg = Release|Win32
		{E88BF9E0-2CDB-4D34-B187-9D34047037DF}.Release|Win32.Build.0 = Release|Win32
		{E88BF9E0-2CDB-4D34-B187-9D34047037DF}.Release|x64.ActiveCfg = Release|x64
		{1D37563A-F600-4937-BB76-6450C31A1D1E}.Debug|Itanium.ActiveCfg = Debug|Win32
		{1D37563A-F600-4937-BB76-6450C31A1D1E}.Debug|Win32.ActiveCfg = Debug|Win32
		{1D37563A-F600-4937-BB76-6450C31A1D1E}.Debug|Win32.Build.0 = Debug|Win32
		{1D37563A-F600-4937-BB76-6450C31A1D1E}.Debug|x64.ActiveCfg = Debug|Win32
		{1D37563A-F600-4937-BB76-6450C31A1D1E}.Release|Itanium.ActiveCfg = Release|Win32
		{1D37563A-F600-4937-BB76-6450C31A1D1E}.Release|Win32.ActiveCfg = Release|Win32
		{1D37563A-F600-4937-BB76-6450C31A1D1E}.Release|Win32.Build.0 = Release|Win32
		{1D37563A-F600-4937-BB76-6450C31A1D1E}.Release|x64.ActiveCfg = Release|Win32
	EndGlobalSection
	GlobalSection(SolutionProperties) = preSolution
		HideSolutionNode = FALSE
	EndGlobalSection
EndGlobal
